{
  "version": "3",
  "packages": {
    "specifiers": {
      "npm:@types/node": "npm:@types/node@18.16.19"
    },
    "npm": {
      "@types/node@18.16.19": {
        "integrity": "sha512-IXl7o+R9iti9eBW4Wg2hx1xQDig183jj7YLn8F7udNceyfkbn1ZxmzZXuak20gR40D7pIkIY1kYGx5VIGbaHKA==",
        "dependencies": {}
      }
    }
  },
  "redirects": {
    "https://esm.sh/@langchain/core@^0.2.36/embeddings?target=denonext": "https://esm.sh/@langchain/core@0.2.36/embeddings?target=denonext",
    "https://esm.sh/@langchain/core@^0.2.36/language_models/base?target=denonext": "https://esm.sh/@langchain/core@0.2.36/language_models/base?target=denonext",
    "https://esm.sh/@langchain/core@^0.2.36/language_models/chat_models?target=denonext": "https://esm.sh/@langchain/core@0.2.36/language_models/chat_models?target=denonext",
    "https://esm.sh/@langchain/core@^0.2.36/language_models/llms?target=denonext": "https://esm.sh/@langchain/core@0.2.36/language_models/llms?target=denonext",
    "https://esm.sh/@langchain/core@^0.2.36/messages?target=denonext": "https://esm.sh/@langchain/core@0.2.36/messages?target=denonext",
    "https://esm.sh/@langchain/core@^0.2.36/output_parsers/openai_tools?target=denonext": "https://esm.sh/@langchain/core@0.2.36/output_parsers/openai_tools?target=denonext",
    "https://esm.sh/@langchain/core@^0.2.36/output_parsers?target=denonext": "https://esm.sh/@langchain/core@0.2.36/output_parsers?target=denonext",
    "https://esm.sh/@langchain/core@^0.2.36/outputs?target=denonext": "https://esm.sh/@langchain/core@0.2.36/outputs?target=denonext",
    "https://esm.sh/@langchain/core@^0.2.36/runnables?target=denonext": "https://esm.sh/@langchain/core@0.2.36/runnables?target=denonext",
    "https://esm.sh/@langchain/core@^0.2.36/tools?target=denonext": "https://esm.sh/@langchain/core@0.2.36/tools?target=denonext",
    "https://esm.sh/@langchain/core@^0.2.36/utils/chunk_array?target=denonext": "https://esm.sh/@langchain/core@0.2.36/utils/chunk_array?target=denonext",
    "https://esm.sh/@langchain/core@^0.2.36/utils/env?target=denonext": "https://esm.sh/@langchain/core@0.2.36/utils/env?target=denonext",
    "https://esm.sh/@langchain/core@^0.2.36/utils/function_calling?target=denonext": "https://esm.sh/@langchain/core@0.2.36/utils/function_calling?target=denonext",
    "https://esm.sh/@types/retry@~0.12.5/index.d.ts": "https://esm.sh/@types/retry@0.12.5/index.d.ts",
    "https://esm.sh/@types/semver@~7.7.0/index.d.ts": "https://esm.sh/@types/semver@7.7.0/index.d.ts",
    "https://esm.sh/@types/uuid@~10.0.0/index.d.mts": "https://esm.sh/@types/uuid@10.0.0/index.d.mts",
    "https://esm.sh/ansi-styles@^5.0.0?target=denonext": "https://esm.sh/ansi-styles@5.2.0?target=denonext",
    "https://esm.sh/base64-js@^1.5.1?target=denonext": "https://esm.sh/base64-js@1.5.1?target=denonext",
    "https://esm.sh/camelcase@6?target=denonext": "https://esm.sh/camelcase@6.3.0?target=denonext",
    "https://esm.sh/eventemitter3@^4.0.4?target=denonext": "https://esm.sh/eventemitter3@4.0.7?target=denonext",
    "https://esm.sh/js-tiktoken@^1.0.12/lite?target=denonext": "https://esm.sh/js-tiktoken@1.0.20/lite?target=denonext",
    "https://esm.sh/langsmith@^0.1.56-rc.1/run_trees?target=denonext": "https://esm.sh/langsmith@0.1.68/run_trees?target=denonext",
    "https://esm.sh/langsmith@^0.1.56-rc.1/singletons/traceable?target=denonext": "https://esm.sh/langsmith@0.1.68/singletons/traceable?target=denonext",
    "https://esm.sh/langsmith@^0.1.56-rc.1?target=denonext": "https://esm.sh/langsmith@0.1.68?target=denonext",
    "https://esm.sh/openai@^4.55.0/helpers/zod?target=denonext": "https://esm.sh/openai@4.104.0/helpers/zod?target=denonext",
    "https://esm.sh/openai@^4.55.0?target=denonext": "https://esm.sh/openai@4.104.0?target=denonext",
    "https://esm.sh/p-finally@^1.0.0?target=denonext": "https://esm.sh/p-finally@1.0.0?target=denonext",
    "https://esm.sh/p-queue@^6.6.2?target=denonext": "https://esm.sh/p-queue@6.6.2?target=denonext",
    "https://esm.sh/p-retry@4?target=denonext": "https://esm.sh/p-retry@4.6.2?target=denonext",
    "https://esm.sh/p-timeout@^3.2.0?target=denonext": "https://esm.sh/p-timeout@3.2.0?target=denonext",
    "https://esm.sh/retry@^0.13.1?target=denonext": "https://esm.sh/retry@0.13.1?target=denonext",
    "https://esm.sh/semver@^7.6.3?target=denonext": "https://esm.sh/semver@7.7.2?target=denonext",
    "https://esm.sh/uuid@^10.0.0?target=denonext": "https://esm.sh/uuid@10.0.0?target=denonext",
    "https://esm.sh/zod-to-json-schema@^3.22.3?target=denonext": "https://esm.sh/zod-to-json-schema@3.24.5?target=denonext",
    "https://esm.sh/zod@^3.22.4?target=denonext": "https://esm.sh/zod@3.25.64?target=denonext",
    "https://esm.sh/zod@^3.23.8?target=denonext": "https://esm.sh/zod@3.25.64?target=denonext",
    "https://esm.sh/zod@^3.24.1?target=denonext": "https://esm.sh/zod@3.25.64?target=denonext"
  },
  "remote": {
    "https://deno.land/std@0.208.0/assert/_constants.ts": "8a9da298c26750b28b326b297316cdde860bc237533b07e1337c021379e6b2a9",
    "https://deno.land/std@0.208.0/assert/_diff.ts": "58e1461cc61d8eb1eacbf2a010932bf6a05b79344b02ca38095f9b805795dc48",
    "https://deno.land/std@0.208.0/assert/_format.ts": "a69126e8a469009adf4cf2a50af889aca364c349797e63174884a52ff75cf4c7",
    "https://deno.land/std@0.208.0/assert/assert.ts": "9a97dad6d98c238938e7540736b826440ad8c1c1e54430ca4c4e623e585607ee",
    "https://deno.land/std@0.208.0/assert/assert_almost_equals.ts": "e15ca1f34d0d5e0afae63b3f5d975cbd18335a132e42b0c747d282f62ad2cd6c",
    "https://deno.land/std@0.208.0/assert/assert_array_includes.ts": "6856d7f2c3544bc6e62fb4646dfefa3d1df5ff14744d1bca19f0cbaf3b0d66c9",
    "https://deno.land/std@0.208.0/assert/assert_equals.ts": "d8ec8a22447fbaf2fc9d7c3ed2e66790fdb74beae3e482855d75782218d68227",
    "https://deno.land/std@0.208.0/assert/assert_exists.ts": "407cb6b9fb23a835cd8d5ad804e2e2edbbbf3870e322d53f79e1c7a512e2efd7",
    "https://deno.land/std@0.208.0/assert/assert_false.ts": "0ccbcaae910f52c857192ff16ea08bda40fdc79de80846c206bfc061e8c851c6",
    "https://deno.land/std@0.208.0/assert/assert_greater.ts": "ae2158a2d19313bf675bf7251d31c6dc52973edb12ac64ac8fc7064152af3e63",
    "https://deno.land/std@0.208.0/assert/assert_greater_or_equal.ts": "1439da5ebbe20855446cac50097ac78b9742abe8e9a43e7de1ce1426d556e89c",
    "https://deno.land/std@0.208.0/assert/assert_instance_of.ts": "3aedb3d8186e120812d2b3a5dea66a6e42bf8c57a8bd927645770bd21eea554c",
    "https://deno.land/std@0.208.0/assert/assert_is_error.ts": "c21113094a51a296ffaf036767d616a78a2ae5f9f7bbd464cd0197476498b94b",
    "https://deno.land/std@0.208.0/assert/assert_less.ts": "aec695db57db42ec3e2b62e97e1e93db0063f5a6ec133326cc290ff4b71b47e4",
    "https://deno.land/std@0.208.0/assert/assert_less_or_equal.ts": "5fa8b6a3ffa20fd0a05032fe7257bf985d207b85685fdbcd23651b70f928c848",
    "https://deno.land/std@0.208.0/assert/assert_match.ts": "c4083f80600bc190309903c95e397a7c9257ff8b5ae5c7ef91e834704e672e9b",
    "https://deno.land/std@0.208.0/assert/assert_not_equals.ts": "9f1acab95bd1f5fc9a1b17b8027d894509a745d91bac1718fdab51dc76831754",
    "https://deno.land/std@0.208.0/assert/assert_not_instance_of.ts": "0c14d3dfd9ab7a5276ed8ed0b18c703d79a3d106102077ec437bfe7ed912bd22",
    "https://deno.land/std@0.208.0/assert/assert_not_match.ts": "3796a5b0c57a1ce6c1c57883dd4286be13a26f715ea662318ab43a8491a13ab0",
    "https://deno.land/std@0.208.0/assert/assert_not_strict_equals.ts": "4cdef83df17488df555c8aac1f7f5ec2b84ad161b6d0645ccdbcc17654e80c99",
    "https://deno.land/std@0.208.0/assert/assert_object_match.ts": "d8fc2867cfd92eeacf9cea621e10336b666de1874a6767b5ec48988838370b54",
    "https://deno.land/std@0.208.0/assert/assert_rejects.ts": "45c59724de2701e3b1f67c391d6c71c392363635aad3f68a1b3408f9efca0057",
    "https://deno.land/std@0.208.0/assert/assert_strict_equals.ts": "b1f538a7ea5f8348aeca261d4f9ca603127c665e0f2bbfeb91fa272787c87265",
    "https://deno.land/std@0.208.0/assert/assert_string_includes.ts": "b821d39ebf5cb0200a348863c86d8c4c4b398e02012ce74ad15666fc4b631b0c",
    "https://deno.land/std@0.208.0/assert/assert_throws.ts": "63784e951475cb7bdfd59878cd25a0931e18f6dc32a6077c454b2cd94f4f4bcd",
    "https://deno.land/std@0.208.0/assert/assertion_error.ts": "4d0bde9b374dfbcbe8ac23f54f567b77024fb67dbb1906a852d67fe050d42f56",
    "https://deno.land/std@0.208.0/assert/equal.ts": "9f1a46d5993966d2596c44e5858eec821859b45f783a5ee2f7a695dfc12d8ece",
    "https://deno.land/std@0.208.0/assert/fail.ts": "c36353d7ae6e1f7933d45f8ea51e358c8c4b67d7e7502028598fe1fea062e278",
    "https://deno.land/std@0.208.0/assert/mod.ts": "37c49a26aae2b254bbe25723434dc28cd7532e444cf0b481a97c045d110ec085",
    "https://deno.land/std@0.208.0/assert/unimplemented.ts": "d56fbeecb1f108331a380f72e3e010a1f161baa6956fd0f7cf3e095ae1a4c75a",
    "https://deno.land/std@0.208.0/assert/unreachable.ts": "4600dc0baf7d9c15a7f7d234f00c23bca8f3eba8b140286aaca7aa998cf9a536",
    "https://deno.land/std@0.208.0/fmt/colors.ts": "34b3f77432925eb72cf0bfb351616949746768620b8e5ead66da532f93d10ba2",
    "https://esm.sh/@langchain/core@0.2.36/denonext/dist/caches/base.mjs": "6c3056cebfa5e7af61d0458f75e1c433353618093611bc2076f2bfce5d966c36",
    "https://esm.sh/@langchain/core@0.2.36/denonext/dist/callbacks/base.mjs": "8fad895d2d8b01341b25ff894167c321bae5d0d9b15bf6cca4bc703f83a8bc6f",
    "https://esm.sh/@langchain/core@0.2.36/denonext/dist/callbacks/manager.mjs": "10ed281aa9750f072dd431ae9ed8e8f648af502fbdd914e0853adf9736c58c06",
    "https://esm.sh/@langchain/core@0.2.36/denonext/dist/callbacks/promises.mjs": "4901a2b68ef0012655f282d72b05b0c3868ad3b7d19f82a4f3e2effdc79ab002",
    "https://esm.sh/@langchain/core@0.2.36/denonext/dist/embeddings.mjs": "51142bb50932f028128fb17f9d7d98f9282e14c823a9f31b93bbf7ce1d3ecf1f",
    "https://esm.sh/@langchain/core@0.2.36/denonext/dist/language_models/base.mjs": "b32fbf1efc3e49a6315fc5ebc4a8ad4b72d3bc83f6f39194d680d3f17e04b274",
    "https://esm.sh/@langchain/core@0.2.36/denonext/dist/language_models/chat_models.mjs": "8661aefa200f6d486ff649481d8fcdc47fc3e482c89534ca8ae0664ea7e18868",
    "https://esm.sh/@langchain/core@0.2.36/denonext/dist/language_models/llms.mjs": "ce4998a318182d2cf82997f8fd80bbb4e782041e1babc663430e8a37e363ee23",
    "https://esm.sh/@langchain/core@0.2.36/denonext/dist/load/map_keys.mjs": "2bb37029be69db781e741569b2066345eb926944e20fb590e0b0346e2fe1599d",
    "https://esm.sh/@langchain/core@0.2.36/denonext/dist/load/serializable.mjs": "b3e74df15a5875c42d69f614f0432b66217613e19e2cebbfb9ad99e7418a6e13",
    "https://esm.sh/@langchain/core@0.2.36/denonext/dist/messages/ai.mjs": "015c7ad77469a230da7401230172de6d54bebc27ca5b7e5c3ccc2862147427fa",
    "https://esm.sh/@langchain/core@0.2.36/denonext/dist/messages/base.mjs": "a58f6670834669e86c2f5bc12f17202191ba3deabaf6b7f397e06511da20f7f4",
    "https://esm.sh/@langchain/core@0.2.36/denonext/dist/messages/human.mjs": "9e86b2b3305632b4b0c0b203c1308d1ac939fa56453bab91ad82bd78a9b81aed",
    "https://esm.sh/@langchain/core@0.2.36/denonext/dist/messages/index.mjs": "28b5c4bcefb794bca2aeb0a576b427bfb38d77ddcc0e75ebffe832e6dd2fc878",
    "https://esm.sh/@langchain/core@0.2.36/denonext/dist/messages/tool.mjs": "6ab59d0f8ead7466ce379eda8a7c6d1c45c8e5be0e8fd1e82b8a5e68cf91256d",
    "https://esm.sh/@langchain/core@0.2.36/denonext/dist/messages/utils.mjs": "5113d78f6b67a3216f8402533706797095adb583d154ec4fdfa8ac1cf169725e",
    "https://esm.sh/@langchain/core@0.2.36/denonext/dist/output_parsers/base.mjs": "253e0f091b9715c635e30da604d3d1687376663f3fa223e8174a1ea6593a2dfc",
    "https://esm.sh/@langchain/core@0.2.36/denonext/dist/output_parsers/index.mjs": "8bd69052b307127ef8e6487b641a0d2cbaa3f8eff883b5a7018e88bed15d40b9",
    "https://esm.sh/@langchain/core@0.2.36/denonext/dist/output_parsers/json.mjs": "b2c6d9838a57bbfe898155465ef955365831359a33101f3552bdd99ecb20a7b6",
    "https://esm.sh/@langchain/core@0.2.36/denonext/dist/output_parsers/transform.mjs": "c93a4eda4f05e79ff407b6e300cd93b62f896f790bc9387f9aaa8ebc41582e97",
    "https://esm.sh/@langchain/core@0.2.36/denonext/dist/outputs.mjs": "fff2df51173ad42379c9b4db7edc9eb4f9fb8102df3c4ae5fe4663506728e35d",
    "https://esm.sh/@langchain/core@0.2.36/denonext/dist/prompt_values.mjs": "f40088409fa3bbaca619b59c8ad7c4a62337400ee3f167f7149cb3e45036581f",
    "https://esm.sh/@langchain/core@0.2.36/denonext/dist/runnables/base.mjs": "036237c7d5320d6c0fdb4408f3ec2efa0580f0120c7f0a14fc3f083092eae8e8",
    "https://esm.sh/@langchain/core@0.2.36/denonext/dist/runnables/config.mjs": "b31e0e69aa54822cfd9cdd0e1ddb75ce76b865b3399c3d8f7be5d080c42933e1",
    "https://esm.sh/@langchain/core@0.2.36/denonext/dist/runnables/graph.mjs": "ffcba199ea2c7b7ed480f7ecd42dc2b9f32879fcc110514590dc9d963828717b",
    "https://esm.sh/@langchain/core@0.2.36/denonext/dist/runnables/index.mjs": "2caba0f7bca8d05b36f168633d000b73f3f5c7873c6c46583e4243d746dcb4b5",
    "https://esm.sh/@langchain/core@0.2.36/denonext/dist/runnables/passthrough.mjs": "c47e9349f9eae13da974d7e883ad91d71577e38bde76dc86c6e56bc7a5c8b908",
    "https://esm.sh/@langchain/core@0.2.36/denonext/dist/runnables/utils.mjs": "fdb133cc9656ccf624f5aa997c322bd207242a11da20b83bbb07bec0819f2cba",
    "https://esm.sh/@langchain/core@0.2.36/denonext/dist/singletons/index.mjs": "7777add54e65c43af068a0f7467fe79de657579245159db34dfce4dac9541659",
    "https://esm.sh/@langchain/core@0.2.36/denonext/dist/tools/index.mjs": "64a9fb75635f7ecee32033556cbadd2a5278341f5185e8250d1cc356be6cd309",
    "https://esm.sh/@langchain/core@0.2.36/denonext/dist/tools/utils.mjs": "6235a3fc0d66c655462a380068809916b6c764e3f3ce18f117b8984f53b9a4a6",
    "https://esm.sh/@langchain/core@0.2.36/denonext/dist/tracers/base.mjs": "d4251f5fde8fb9b37218fb3e7fe93b694234843258d9b323d5763f8fe56a7291",
    "https://esm.sh/@langchain/core@0.2.36/denonext/dist/tracers/console.mjs": "867aa55e8fc31329fb73c5e8dae39f740c9bdf0e942b5684fc3a4b3570cc2df4",
    "https://esm.sh/@langchain/core@0.2.36/denonext/dist/tracers/event_stream.mjs": "9cc7f1bcc18818816a7e9345e7a2e28ac1d4c7fc49343304d5ae3e23ce2570a4",
    "https://esm.sh/@langchain/core@0.2.36/denonext/dist/tracers/log_stream.mjs": "a1c72841bcbc1acb24ea43792241aabab29b90180c2debe4c6bc687e2a6b2ebe",
    "https://esm.sh/@langchain/core@0.2.36/denonext/dist/tracers/tracer_langchain.mjs": "8a58981923f3bbd689091c467c8c87dd3421bbac8e28ef42573864684c7c45b7",
    "https://esm.sh/@langchain/core@0.2.36/denonext/dist/utils/@cfworker/json-schema/index.mjs": "3833f2835b165f107128144c626f13f03a892a9952c6b44a1eaabb7125beb0ea",
    "https://esm.sh/@langchain/core@0.2.36/denonext/dist/utils/@cfworker/json-schema/src/deep-compare-strict.mjs": "b143e3f9f31abbc7f66f48714a3b56f2b02a4b07a3cfb280b3163f26cf0bef04",
    "https://esm.sh/@langchain/core@0.2.36/denonext/dist/utils/@cfworker/json-schema/src/dereference.mjs": "43b459bff27c3fa0f3f5f98621160b4180876c54479a7ee210d2c78acd08d762",
    "https://esm.sh/@langchain/core@0.2.36/denonext/dist/utils/@cfworker/json-schema/src/format.mjs": "09b38dbecd4a3b0e8be3476d8db916a05e7c91a022c92bd4337ac5b751d3036d",
    "https://esm.sh/@langchain/core@0.2.36/denonext/dist/utils/@cfworker/json-schema/src/pointer.mjs": "f0b199c08dad9fb2074a5ef2ee020525566447543cb608eaea96d7827b5c5161",
    "https://esm.sh/@langchain/core@0.2.36/denonext/dist/utils/@cfworker/json-schema/src/ucs2-length.mjs": "3738b5963c573eb60da16cf772836b85efbf33885e1dbdee0de56ab63fbabdd6",
    "https://esm.sh/@langchain/core@0.2.36/denonext/dist/utils/async_caller.mjs": "2232181d9bca937d909a7e9c6e5e49707c240b2e8e935ce0157d3422f9636c82",
    "https://esm.sh/@langchain/core@0.2.36/denonext/dist/utils/chunk_array.mjs": "ca9b5aa752b47e6f20f08318eb0f916c1d2baf8b2138d760ca57c3105cdbb593",
    "https://esm.sh/@langchain/core@0.2.36/denonext/dist/utils/env.mjs": "fdb9623bbb2a140dbd60826d04477cacab9b35d772c9a07d10968794b5c2f6ae",
    "https://esm.sh/@langchain/core@0.2.36/denonext/dist/utils/fast-json-patch/index.mjs": "be00a16e480d306c02852c3a385e7867988da965a7414635cf38571f796f08bb",
    "https://esm.sh/@langchain/core@0.2.36/denonext/dist/utils/fast-json-patch/src/helpers.mjs": "8496d22d3e83557acb4b5dd90fcf4486157f36096f5785602490f6bd44ac54cb",
    "https://esm.sh/@langchain/core@0.2.36/denonext/dist/utils/function_calling.mjs": "78539b683de1d58695b593865649cdc4905578fc412fc53d3c6a179d655fcdc8",
    "https://esm.sh/@langchain/core@0.2.36/denonext/dist/utils/hash.mjs": "c949875a991cf7feea2dfe53c03acdf4530e38a9ba56be0b5f5aa37c72fdd294",
    "https://esm.sh/@langchain/core@0.2.36/denonext/dist/utils/json.mjs": "9327dbff0d7085e720a45dea23fd9f931680d6446044316a53b7c726e2f682d7",
    "https://esm.sh/@langchain/core@0.2.36/denonext/dist/utils/json_patch.mjs": "1b2a6f0f59a626f70444aab0e1c5b943a53caaff50c8caa038b52af576338037",
    "https://esm.sh/@langchain/core@0.2.36/denonext/dist/utils/signal.mjs": "8e31aa0c7c0e11b2dbfa82d6edaeebf903f56d9894a37400f38daabc0289b308",
    "https://esm.sh/@langchain/core@0.2.36/denonext/dist/utils/stream.mjs": "9d1005175198efa89fe849d28d0da5934adb594d1d446c126ea042fe22e7c8f6",
    "https://esm.sh/@langchain/core@0.2.36/denonext/dist/utils/tiktoken.mjs": "b1ed05b441b5c086679bcbcdb5a67826b28d958a5dc52cd75230c811ff96e536",
    "https://esm.sh/@langchain/core@0.2.36/denonext/dist/utils/types/is_zod_schema.mjs": "96504a23dc5bd69a0d96809f534dbe40452840a0e90b2f39f36aa49653931e70",
    "https://esm.sh/@langchain/core@0.2.36/denonext/embeddings.mjs": "69b20fabf402e9367c0100fd03423283976b5a01b13ada5c8742f660cf271ee3",
    "https://esm.sh/@langchain/core@0.2.36/denonext/language_models/base.mjs": "c9e0c622d1efe0a90e3c4a5cdc566367e5a07391f8684f4a80d320ab38a8bbd6",
    "https://esm.sh/@langchain/core@0.2.36/denonext/language_models/chat_models.mjs": "903886604158f38418c10375116e8bd532981f0beff2938f44cfc0d0d4bc09e5",
    "https://esm.sh/@langchain/core@0.2.36/denonext/language_models/llms.mjs": "85240060d3193a4a326552331640e0e1cc65fcfa1ab7b0db8de5d64af2209cfe",
    "https://esm.sh/@langchain/core@0.2.36/denonext/messages.mjs": "8a68d4c24a0c460b215df8d75ba95b6e9051a86fe89081c515efd5cb90cbc5d6",
    "https://esm.sh/@langchain/core@0.2.36/denonext/output_parsers.mjs": "4d3d5ff3308568d56e624692cbbace866b6e633d68c9519d786f275ec53f27ec",
    "https://esm.sh/@langchain/core@0.2.36/denonext/output_parsers/openai_tools.mjs": "d9b3073fa88de01c3c84157f23b8d734bf69d1c66c238561c021931e1029461b",
    "https://esm.sh/@langchain/core@0.2.36/denonext/outputs.mjs": "e2b2b9db244850dd2c413cc6604ab8c2019bce35b18c63b8e11ab8584984e660",
    "https://esm.sh/@langchain/core@0.2.36/denonext/runnables.mjs": "00552dd952106f289fcaf5b34de4e2490de15d4ed8dcc31a5756ffbca261d9f8",
    "https://esm.sh/@langchain/core@0.2.36/denonext/tools.mjs": "dec95e7e207d2b0d8a913c1c604c350f8dfa754ca9ef92cb5d49c5c8886d0ab4",
    "https://esm.sh/@langchain/core@0.2.36/denonext/utils/chunk_array.mjs": "6f560d5b5b1494edc775c11d533011c34499e5cedefb59675ae1dabdf01c5ddb",
    "https://esm.sh/@langchain/core@0.2.36/denonext/utils/env.mjs": "aa4e6ce5f7416c68bca89ec0b8f2a208406acecd605ebafe8cfca83fdc5f899a",
    "https://esm.sh/@langchain/core@0.2.36/denonext/utils/function_calling.mjs": "069fb57b5d742fa241778952f2c6108cd520a49aae0ae4ff0cdaf79cea46a1da",
    "https://esm.sh/@langchain/core@0.2.36/embeddings?target=denonext": "74f36ad1544e967e88debb5a5b7836ff80d4170809376fe7f260a4615949d606",
    "https://esm.sh/@langchain/core@0.2.36/language_models/base?target=denonext": "0248df3e4f75d51c59830c3dc1c723a787fd24d0185235ee124bb59ae0038d26",
    "https://esm.sh/@langchain/core@0.2.36/language_models/chat_models?target=denonext": "c985aa2284321cf45935de31599d803a6def24e6c9e849c6716f257b2da373db",
    "https://esm.sh/@langchain/core@0.2.36/language_models/llms?target=denonext": "a2f9f9e260e885f9d5885510d6bc995f4ea8e08817a86722e73891f487cd663d",
    "https://esm.sh/@langchain/core@0.2.36/messages?target=denonext": "751d6f7601e55a99b74686cc0f9de895bae208112df216931fcb9a0cf0d6d664",
    "https://esm.sh/@langchain/core@0.2.36/output_parsers/openai_tools?target=denonext": "a9ec8ebf5c8d20aaa9c13a3fc4f753bc51fc1dc5f7cda085e28101960a54b0f7",
    "https://esm.sh/@langchain/core@0.2.36/output_parsers?target=denonext": "08ff1fabff7a9ed6e6a3019b1db3f7c4060c694100086ed213fa7742bfbef5e1",
    "https://esm.sh/@langchain/core@0.2.36/outputs?target=denonext": "408cfb7a5e0407f60512479ee980ad9171d1900bc053821ec17510117e8fbf6a",
    "https://esm.sh/@langchain/core@0.2.36/runnables?target=denonext": "f95b636acca49f690960d76e7507129ae2b34a7714940ea8e64f0388c0edc431",
    "https://esm.sh/@langchain/core@0.2.36/tools?target=denonext": "8feaee6f80c14d32dea53fc06c8adfd7b5cdc687cdfe601c64050a30d2ed1693",
    "https://esm.sh/@langchain/core@0.2.36/utils/chunk_array?target=denonext": "77ce884881ed222a998b7c6d0cc6040863110c989086b451e6001419c0941c32",
    "https://esm.sh/@langchain/core@0.2.36/utils/env?target=denonext": "25ad7e483212a7302435997a85a465adacae50eb53bfb8912935c4b41bbecd4f",
    "https://esm.sh/@langchain/core@0.2.36/utils/function_calling?target=denonext": "3e111a198979ddea26705ebfba1409936b7264f16abef88fdc2d878d8b01f49c",
    "https://esm.sh/@langchain/openai@0.2.8": "9a8765c540cceb71dd110fa32bf0661e8b7659cf8ceeef9087e30de79f133aad",
    "https://esm.sh/@langchain/openai@0.2.8/denonext/dist/index.mjs": "a5aebb26633321206f9e8ce71433e6dec2500dc6e17e498cf539087ad5f3f8aa",
    "https://esm.sh/@langchain/openai@0.2.8/denonext/openai.mjs": "86d5b1b3717784b6085e789f8262c827513e47e6b24cf0c3a595b9bec657e4e8",
    "https://esm.sh/ansi-styles@5.2.0/denonext/ansi-styles.mjs": "ce79e9ce88164eab82ecef3de86d7bc1ad9386964bd196d6891edc697bc3cbad",
    "https://esm.sh/ansi-styles@5.2.0?target=denonext": "b71334924fd0368f27f7392d49b6b34d0126e5e9563a19627249ae6d798bc836",
    "https://esm.sh/base64-js@1.5.1/denonext/base64-js.mjs": "5dbae8a1d8f5789da21736786f9921727523b5ccc64cbcf9f831331c381957dc",
    "https://esm.sh/base64-js@1.5.1?target=denonext": "7c2f775b41bd5df47fedaa143e6619625c9d81f34302d6aa030e20d9a7240633",
    "https://esm.sh/camelcase@6.3.0/denonext/camelcase.mjs": "eab44559fc419fa7e6ae6fc4cd28451f9c6d4ee2567dd605e8585a56044d00e2",
    "https://esm.sh/camelcase@6.3.0?target=denonext": "1da1e72710333089af6ac2ff2419eb2ba915b5e8b9c9825ba0a5a536e192169a",
    "https://esm.sh/decamelize@1.2.0/denonext/decamelize.mjs": "2ff4bbfcaef8aca69c17054ddc945821c3ba927511f266391919ab2b304fc0ed",
    "https://esm.sh/eventemitter3@4.0.7/denonext/eventemitter3.mjs": "d26d8683d890f259d39cc334512a888d3079917477d7eb10c3cd3775831cdcc3",
    "https://esm.sh/eventemitter3@4.0.7?target=denonext": "84748b6b17ebdb58719651ec0b5e6f84e5923d97f43231c5835d74be6ce050f1",
    "https://esm.sh/js-tiktoken@1.0.20/denonext/dist/chunk-ZDNLBERF.mjs": "94ce3780d369ce12745e0b210278673df3c1d7ca1d5c5268e8a995a6aa7d6473",
    "https://esm.sh/js-tiktoken@1.0.20/denonext/lite.mjs": "d5ffdd69fe29608c79462ba02db216341a8ea840a075dcfa213339146d53ae6f",
    "https://esm.sh/js-tiktoken@1.0.20/lite?target=denonext": "14f12b3ed4bba690606e11a4804876df33125d82b8318840d4b62420f3b82805",
    "https://esm.sh/langsmith@0.1.68/denonext/dist/client.mjs": "b6d1b59e3b23cfb236ef98677b1ecde23a400eccf51456dcd31ce4ca6dc36272",
    "https://esm.sh/langsmith@0.1.68/denonext/dist/env.mjs": "f1de62eed0d8bb32051f7cce18d96485741ee8ba76436e21b2d3330c6afa293f",
    "https://esm.sh/langsmith@0.1.68/denonext/dist/index.mjs": "e1512ed4df1cd476a05bfc17d5eb96bc5a915e8f1a2bd90351da0f55eb32ee07",
    "https://esm.sh/langsmith@0.1.68/denonext/dist/run_trees.mjs": "7aac200b96f1e198788cfd6513ae844fdbe12ade347d0dc7eba4cc88b680b3f8",
    "https://esm.sh/langsmith@0.1.68/denonext/dist/singletons/constants.mjs": "7efb935bd1a2d3ca18a2f0e2bf0931484a60349606dab5b2513d89e8c150694b",
    "https://esm.sh/langsmith@0.1.68/denonext/dist/singletons/fetch.mjs": "f20d43c2848c2d55560f31abad84c8d0b714da33889adb3afe154fd475423e3d",
    "https://esm.sh/langsmith@0.1.68/denonext/dist/singletons/traceable.mjs": "dc64fae686dddee7562e98708b3dead35c2b99f8cec8c5d553eb8c40d97d146c",
    "https://esm.sh/langsmith@0.1.68/denonext/dist/utils/_uuid.mjs": "2286194d6a35102ed859455aab7856c2d51cf9f70efc067fc0d6970557519751",
    "https://esm.sh/langsmith@0.1.68/denonext/dist/utils/async_caller.mjs": "dffdc0984d6580c1f6c76b949f51e54a7537cc52d6ca3802bed45275514af6b4",
    "https://esm.sh/langsmith@0.1.68/denonext/dist/utils/env.mjs": "fc6a59f6095f6c4df423f64aaf252aaec93b1fd48bc838038f36a04c5192711f",
    "https://esm.sh/langsmith@0.1.68/denonext/dist/utils/error.mjs": "34c8063ef98d171e47da16d1ea0014674e0cd0e4cad49b29d5a0e7d4e0629049",
    "https://esm.sh/langsmith@0.1.68/denonext/dist/utils/warn.mjs": "0187740b1347a3f743553109bb0140c7736ac4b7736eb38e246c1812fc5fc02f",
    "https://esm.sh/langsmith@0.1.68/denonext/langsmith.mjs": "f8417a6dcca458448faff6c6843b47dcdd473fbd6b3de703cb09e2481e417308",
    "https://esm.sh/langsmith@0.1.68/denonext/run_trees.mjs": "34ccb90e137b2d9f7026f9b4b4578e32628d380ea2db3717d46a7379a37aa2bf",
    "https://esm.sh/langsmith@0.1.68/denonext/singletons/traceable.mjs": "737dd96325c8468ba2e49cdfa58e04c8a68f76846329bfddfd8658e5e38d073e",
    "https://esm.sh/langsmith@0.1.68/run_trees?target=denonext": "a366f264494601f953a1878446bb65cca2290b90c549616240c7755f835bf431",
    "https://esm.sh/langsmith@0.1.68/singletons/traceable?target=denonext": "d425b79ed97aa9e3f49cba4caff4ffd3d457cb50476354b4826756521a1646b2",
    "https://esm.sh/langsmith@0.1.68?target=denonext": "a4bdb007994948bca3ee4ef0302f1be8f4213ef5f8e224b35162dcc31c302a82",
    "https://esm.sh/openai@4.104.0/denonext/_shims/MultipartBody.mjs": "443b9b2704ce8e08ff31fb139cabb7f937dfe321b2f0bbb43df3825eb25e70c9",
    "https://esm.sh/openai@4.104.0/denonext/_shims/auto/runtime.mjs": "660dd9dc2c8c0da6820c5f24cfd71beb4e11d1103a29c374e3c7c40a4baed664",
    "https://esm.sh/openai@4.104.0/denonext/_shims/index.mjs": "47045a0b95d789aabe45785bb80c74b5a309f3c5ae57b50c51c9b796cc211ce3",
    "https://esm.sh/openai@4.104.0/denonext/_shims/registry.mjs": "0d9e9c6c7f6e631fe789875bed2c4f82af012eb56608f82d07ca6eef7edb3039",
    "https://esm.sh/openai@4.104.0/denonext/_shims/web-runtime.mjs": "740dce8ec25fc55eb53b6fd2bfaff6a0758b982a7ec5c728e74fc1cc81993efc",
    "https://esm.sh/openai@4.104.0/denonext/_vendor/partial-json-parser/parser.mjs": "1aa7872503b3d1186dc741485b52c5847c1d471b045c1be248ae9fc715ea047f",
    "https://esm.sh/openai@4.104.0/denonext/_vendor/zod-to-json-schema/Options.mjs": "8eade61eddc0dc3417d67a3889e5cf43e82682aaf77eb32da14b226b05fa2014",
    "https://esm.sh/openai@4.104.0/denonext/_vendor/zod-to-json-schema/Refs.mjs": "921de0df9d21110470ab56889b06db5df18adffdf2f82d341fa272b9291ee449",
    "https://esm.sh/openai@4.104.0/denonext/_vendor/zod-to-json-schema/errorMessages.mjs": "6d455c5e0b417b6c06b4fcc166a8e298ebc94db94b1f33aba29d93d1bbd8d3ac",
    "https://esm.sh/openai@4.104.0/denonext/_vendor/zod-to-json-schema/index.mjs": "0d815f10d9b3db121d730b14c8b22e31a7b8f33b0572921da6ab8e06df39f7ec",
    "https://esm.sh/openai@4.104.0/denonext/_vendor/zod-to-json-schema/parseDef.mjs": "ba597a4f3225d603fdcaa82a6245c54897685d077500a9b5edf2e70fcff08724",
    "https://esm.sh/openai@4.104.0/denonext/_vendor/zod-to-json-schema/parsers/any.mjs": "a91ff9042147bf0a6be254c72974c7719dddb7770d000b7ec20f22f9d88d11a0",
    "https://esm.sh/openai@4.104.0/denonext/_vendor/zod-to-json-schema/parsers/array.mjs": "d05e86b84de242b9cc5a406ff4edf0b1bfb168a30f68855a921b77b6782c5f47",
    "https://esm.sh/openai@4.104.0/denonext/_vendor/zod-to-json-schema/parsers/bigint.mjs": "66a950b0bd927f9644db441b0c99a20d8e556e50df27941917bf6d7f58418592",
    "https://esm.sh/openai@4.104.0/denonext/_vendor/zod-to-json-schema/parsers/boolean.mjs": "f503f6fe185c80b433b755c46ff34e6c6fd8c7ed32a5b6f6380045f8dbfd9397",
    "https://esm.sh/openai@4.104.0/denonext/_vendor/zod-to-json-schema/parsers/branded.mjs": "6174ac0bc037ae6a9e6cf597314e7a9bc636e63c6cef3c62c5ab341f947d91db",
    "https://esm.sh/openai@4.104.0/denonext/_vendor/zod-to-json-schema/parsers/catch.mjs": "dc9100d88c2c5e1bd3709fa5a9970ddb4c3eb0d6520b2ae22bc0922043a146dd",
    "https://esm.sh/openai@4.104.0/denonext/_vendor/zod-to-json-schema/parsers/date.mjs": "1e6c643d9e3a79fb0260710c11a4c364b6e8948686e61ff66e1627b7bc11112d",
    "https://esm.sh/openai@4.104.0/denonext/_vendor/zod-to-json-schema/parsers/default.mjs": "51abe4cdd1e93fc9446068c568d5a25085be110c251efdfb3482eda69892a00b",
    "https://esm.sh/openai@4.104.0/denonext/_vendor/zod-to-json-schema/parsers/effects.mjs": "92998c0d8c5d0c1785908dca349c89582c5540110961e865c4416b8d7800a115",
    "https://esm.sh/openai@4.104.0/denonext/_vendor/zod-to-json-schema/parsers/enum.mjs": "a28810de0a0a50d5b8cf41be6cfb95ac1c18b4b54d992ccd4f3ca329c0d70f18",
    "https://esm.sh/openai@4.104.0/denonext/_vendor/zod-to-json-schema/parsers/intersection.mjs": "efcec586b3dd02fc0bbcb4d4ff84ef4925bfe8468a6a91b292ad0cbd5fabb970",
    "https://esm.sh/openai@4.104.0/denonext/_vendor/zod-to-json-schema/parsers/literal.mjs": "21f3f4c8c1ef833d1bfdd5f0b2ed71a394d6099eb7b328b88d029b08a9b13dc8",
    "https://esm.sh/openai@4.104.0/denonext/_vendor/zod-to-json-schema/parsers/map.mjs": "dd38c8207335e48443197569a003292e77215072048aecb48860ff4ff2f89870",
    "https://esm.sh/openai@4.104.0/denonext/_vendor/zod-to-json-schema/parsers/nativeEnum.mjs": "86baa5f803a6face51d21235ae1f7f02ec26bb0ab021aeff891568004202fb86",
    "https://esm.sh/openai@4.104.0/denonext/_vendor/zod-to-json-schema/parsers/never.mjs": "ed069698762890a61f3dcb7d4d6648b9d57ad6e019351b56bd32092ec9432943",
    "https://esm.sh/openai@4.104.0/denonext/_vendor/zod-to-json-schema/parsers/null.mjs": "7984d0a47a4c83b40518fcbe4d6c55e37a082a147a6870b7c723096c2bffd249",
    "https://esm.sh/openai@4.104.0/denonext/_vendor/zod-to-json-schema/parsers/nullable.mjs": "5fc0f8d5fe8ea52db6190ab3f3edf80d8af9a2e0aa1e8416512bcd5d0161e75a",
    "https://esm.sh/openai@4.104.0/denonext/_vendor/zod-to-json-schema/parsers/number.mjs": "ae207658db0256a227f999e7f686ed36f07f46fa89d38170e6d744d28c56380a",
    "https://esm.sh/openai@4.104.0/denonext/_vendor/zod-to-json-schema/parsers/object.mjs": "c41bc3435aa1ea1324e3824d5df03f73c559cb6ad1d5be4cb4b521d04b45051c",
    "https://esm.sh/openai@4.104.0/denonext/_vendor/zod-to-json-schema/parsers/optional.mjs": "9aaf650ae83494e8b96e6dc0e4cfaf5a5b86d46a4e8f0fb9a565dd73637e6cc4",
    "https://esm.sh/openai@4.104.0/denonext/_vendor/zod-to-json-schema/parsers/pipeline.mjs": "cad710fc29a173f93dc58eb572f4525801a12d816a75529bb1ccae98fb26f7fe",
    "https://esm.sh/openai@4.104.0/denonext/_vendor/zod-to-json-schema/parsers/promise.mjs": "606d03b902c8a615e057a765508dae5c54816385572a88186d1d90aeb46d5dbd",
    "https://esm.sh/openai@4.104.0/denonext/_vendor/zod-to-json-schema/parsers/readonly.mjs": "5aacbe87ac8ae4e8191e8236429384b9c09efd1adfaecd3fe1df812da00d9151",
    "https://esm.sh/openai@4.104.0/denonext/_vendor/zod-to-json-schema/parsers/record.mjs": "b1e818ccab3cf7433ea6e9868a78969cd071fdf5ff7b158b2f9082e51a984f26",
    "https://esm.sh/openai@4.104.0/denonext/_vendor/zod-to-json-schema/parsers/set.mjs": "5b683342b5ee0dac16943cb0171ffdfa9a9ba4e66a2c0b9a1413df267725a34d",
    "https://esm.sh/openai@4.104.0/denonext/_vendor/zod-to-json-schema/parsers/string.mjs": "f625c03bb0545ba66c76dfb25c14d11d6fc852a7aa8d3394d6a53805bf91aa4f",
    "https://esm.sh/openai@4.104.0/denonext/_vendor/zod-to-json-schema/parsers/tuple.mjs": "6f16231772be1899572a3c6ab81584c6905c7374c4cdf3cbc005271fc78798a0",
    "https://esm.sh/openai@4.104.0/denonext/_vendor/zod-to-json-schema/parsers/undefined.mjs": "cc97704e42676e7a3a72e277826a38935d68f9ef9671bcd6bbc4e3654df50b81",
    "https://esm.sh/openai@4.104.0/denonext/_vendor/zod-to-json-schema/parsers/union.mjs": "3aa18cb4767b4817a5f3e7f6f03b5e1439dd1da58daf8dff32a890b432dea641",
    "https://esm.sh/openai@4.104.0/denonext/_vendor/zod-to-json-schema/parsers/unknown.mjs": "1f7a382c30e476f2c3e8fcc82032ee071e2374c7f537020c47e3dbb788e4b46d",
    "https://esm.sh/openai@4.104.0/denonext/_vendor/zod-to-json-schema/util.mjs": "7d1e907744cc7983b6260f1f478c868d878ae03baab65b4fe3365932f149c129",
    "https://esm.sh/openai@4.104.0/denonext/_vendor/zod-to-json-schema/zodToJsonSchema.mjs": "4b62c50f62e58f6a48d438bb132fbfc0757bfbe381b3793c285bb47e89f3507b",
    "https://esm.sh/openai@4.104.0/denonext/core.mjs": "9159655a7bb4b1c08ac51ed814784af74ae47c804a7eddb146871c895140361e",
    "https://esm.sh/openai@4.104.0/denonext/error.mjs": "d896b06c29df4bb43a54cf517abc9c95a90267b6a06faac3913e4e067ed616d3",
    "https://esm.sh/openai@4.104.0/denonext/helpers/zod.mjs": "bf852ae8b88e41d97675a156fc47c1981e71812b6bd99369f6541b7ee06cbf19",
    "https://esm.sh/openai@4.104.0/denonext/internal/decoders/line.mjs": "3c7405fe6506741cbb1f74b7dbe9a9a8ac5087c1693dcc10f75f0f944a9c12b5",
    "https://esm.sh/openai@4.104.0/denonext/internal/qs/formats.mjs": "88120787dc4f0231d5ae2b07b8d8f3eb3d5a0c6162f489468f7ab7cfdd93f843",
    "https://esm.sh/openai@4.104.0/denonext/internal/qs/index.mjs": "d50cb7134f988d27b02d2d1ee682db863059b1e3378db33ba13dd9a8d555a9ab",
    "https://esm.sh/openai@4.104.0/denonext/internal/qs/stringify.mjs": "306afc3f2020ee8f1062d1dfaf54d79b3e80a9738d5743b8c41417c65e104dd9",
    "https://esm.sh/openai@4.104.0/denonext/internal/qs/utils.mjs": "cfd09501ca14a4785209707e85646e09bae610eb1ed2e8fce2aa2d0c3804b9af",
    "https://esm.sh/openai@4.104.0/denonext/internal/stream-utils.mjs": "9c55c92814519d770f72a4e45e60a4c51dce5323454af914ec4f52177093dad6",
    "https://esm.sh/openai@4.104.0/denonext/lib/AbstractChatCompletionRunner.mjs": "031ab8c7319ad14e890f89c34e1f5ff32a03bb432818e7682d928fe3c504a123",
    "https://esm.sh/openai@4.104.0/denonext/lib/AssistantStream.mjs": "b60c71e32cecb3e13454567fe7c0b52cdc7c2bbfc3568482298e6aff55b560ce",
    "https://esm.sh/openai@4.104.0/denonext/lib/ChatCompletionRunner.mjs": "5d18ca39b049681af71815a304552e50dbbebb05a4175c2ce4a72ee61f36c08c",
    "https://esm.sh/openai@4.104.0/denonext/lib/ChatCompletionStream.mjs": "1d58ec2c1685c7c0ad72fe3ff9571e75b3dcf3fe0d434331a04c99db7af12a25",
    "https://esm.sh/openai@4.104.0/denonext/lib/ChatCompletionStreamingRunner.mjs": "0947c52172424497042a7db979c000d987f1ab5586d12ba7932192a99dfc71d6",
    "https://esm.sh/openai@4.104.0/denonext/lib/EventStream.mjs": "d8dea678dd9ae590de2d4e00070f332c446c8ecaa934db4086d3b93d4927c4ce",
    "https://esm.sh/openai@4.104.0/denonext/lib/ResponsesParser.mjs": "8e3ac31309bdc5d61c93e0c704ede336958d6c087de83094f9e9d007713238b9",
    "https://esm.sh/openai@4.104.0/denonext/lib/RunnableFunction.mjs": "40a0eb4b05b288c99182dadbe945f94a7ffec2c97d6638cc405c6b9635f8b35b",
    "https://esm.sh/openai@4.104.0/denonext/lib/Util.mjs": "e32cc9fb960e8ef5342e3ca3fc8d0454f0b772b7253fded62d73ae9200232469",
    "https://esm.sh/openai@4.104.0/denonext/lib/chatCompletionUtils.mjs": "837682c5e747f8c35fee4adf7a5e100c90358a891114ec5f196280d037377bf5",
    "https://esm.sh/openai@4.104.0/denonext/lib/parser.mjs": "d96a40f2e1a3aa000c57b334b227b165919183a3622f42cfdbe801003adf58d5",
    "https://esm.sh/openai@4.104.0/denonext/lib/responses/ResponseStream.mjs": "b9cee7b70608cc30849aeaa51f678b39707c8d3093722430f7ee2c422f09e3f1",
    "https://esm.sh/openai@4.104.0/denonext/openai.mjs": "35811356a19c6f04fb3f08f3a67d99ec3849a09cc7acaf064c5f20c2d56c3d82",
    "https://esm.sh/openai@4.104.0/denonext/pagination.mjs": "fb4f74746582a3c389357a13ea4f124bc3844efa0985da96ca593f916ff8e869",
    "https://esm.sh/openai@4.104.0/denonext/resource.mjs": "b4f82988a873f4626a5bf4a2c563888a4423f3b06dc7bd7e4e68382e7e5865d0",
    "https://esm.sh/openai@4.104.0/denonext/resources/audio/audio.mjs": "ba55a2ea61a881e521bd21363cc1f6d30b981a9cb3e6bb0aefe0dd79bb6bcdf9",
    "https://esm.sh/openai@4.104.0/denonext/resources/audio/speech.mjs": "06c1bd7c266a395af83c9220cdd166a8f7d099dd91f668f52420b9106d543737",
    "https://esm.sh/openai@4.104.0/denonext/resources/audio/transcriptions.mjs": "b3844c5323a31fdffb65443d46795df1ec3e8049abdffd3c764afef1f3becfce",
    "https://esm.sh/openai@4.104.0/denonext/resources/audio/translations.mjs": "edeb9e2f8f2f5e28cc6ebfdca0c15423ee5c8239c6d54b4e984d979acbcde44c",
    "https://esm.sh/openai@4.104.0/denonext/resources/batches.mjs": "f496f27a2178e74bcb171fd45d2dd084dd2c083fd4f145941e35a65f93774dec",
    "https://esm.sh/openai@4.104.0/denonext/resources/beta/assistants.mjs": "34b3324fa3a627a66582f78c39bcfbc1ee83c1d519b21785741e89a06a05e0c8",
    "https://esm.sh/openai@4.104.0/denonext/resources/beta/beta.mjs": "fba98ec909988d12b8a5dcac3d10a7e728249055848d02350e2f0a069ec98c84",
    "https://esm.sh/openai@4.104.0/denonext/resources/beta/chat/chat.mjs": "80ed6c5168e412f20660b6738dd09f46d7e0d5b0e93577daebd384d87f774826",
    "https://esm.sh/openai@4.104.0/denonext/resources/beta/chat/completions.mjs": "c47428710387b99580293c04340f4dd8ea79dcb40ec7cced083a100d1ca66310",
    "https://esm.sh/openai@4.104.0/denonext/resources/beta/realtime/realtime.mjs": "a2722729f60e3f200ebb03babef77d13a05a6a8ed210a3f81cfd9984a4a0b43b",
    "https://esm.sh/openai@4.104.0/denonext/resources/beta/realtime/sessions.mjs": "7a50409e5552407c60600cad480a6fcfe0301f2125a3b013e2e6b19250c454c8",
    "https://esm.sh/openai@4.104.0/denonext/resources/beta/realtime/transcription-sessions.mjs": "b479fa9098fcffcd747aa7f6b4bf907a5afeb27ad6b087f310b2bae74489182d",
    "https://esm.sh/openai@4.104.0/denonext/resources/beta/threads/messages.mjs": "d67910605232167cac0abb750d8f91a83b849c6c6ea697147359b89c156bfeb7",
    "https://esm.sh/openai@4.104.0/denonext/resources/beta/threads/runs/runs.mjs": "db12b84e7b87a2337c53f9cfc711e6539c5e557994a9262f62c4d68ab40390ef",
    "https://esm.sh/openai@4.104.0/denonext/resources/beta/threads/runs/steps.mjs": "223cca450b24af82f9595a0559eac7e765cc0464fbab81566d6ae97f294b48ce",
    "https://esm.sh/openai@4.104.0/denonext/resources/beta/threads/threads.mjs": "73b7dd2f5194dab3233b5f7d492971aedcd349247cd763ac9531ece65d3e789c",
    "https://esm.sh/openai@4.104.0/denonext/resources/chat/chat.mjs": "28de777a94895ddc8482079c648505982f34379c1f6a65fe3682e3f03b0af454",
    "https://esm.sh/openai@4.104.0/denonext/resources/chat/completions/completions.mjs": "10ffa73b59073968d965d7c5b8f8fb7d7db9716b2c7e853eed6d9be72653c612",
    "https://esm.sh/openai@4.104.0/denonext/resources/chat/completions/index.mjs": "3f0cc9a50e2aa987bcc71d40b3c8a2dd93112f669242ba7c423d76ea693f5a5c",
    "https://esm.sh/openai@4.104.0/denonext/resources/chat/completions/messages.mjs": "bca2474f970a41c7e1a33dff7d06847eff1bd827912165dc15fc10e9c46633a5",
    "https://esm.sh/openai@4.104.0/denonext/resources/chat/index.mjs": "66abd1f7bef522a89079d7dfa63806ca06fb1a622388d2258ba19f94e0423416",
    "https://esm.sh/openai@4.104.0/denonext/resources/completions.mjs": "7ca6c112e932fd7b93b2ceb11f2e15d88e3e65fc36b0538334f6cb47590c1973",
    "https://esm.sh/openai@4.104.0/denonext/resources/containers/containers.mjs": "e6497e0eef15facac6dba948e7ceebe7a1f90269f350306102ed1e33e753570a",
    "https://esm.sh/openai@4.104.0/denonext/resources/containers/files/content.mjs": "f76d9345016509b2ed01150f318742c1fa5ee63ad663fa3688b40c356b6c725a",
    "https://esm.sh/openai@4.104.0/denonext/resources/containers/files/files.mjs": "aa476f32d5f96ec8556959a090233aa4b25f4359edf82dff7045772ee8847a33",
    "https://esm.sh/openai@4.104.0/denonext/resources/embeddings.mjs": "c775132dd1424a3db5282e533c002d72adeb68a200ce83e06b801581c814d548",
    "https://esm.sh/openai@4.104.0/denonext/resources/evals/evals.mjs": "be41e5cfd19ed6331c8cdfc1827226cd1445afd7f83141910f7dd0661e8198e1",
    "https://esm.sh/openai@4.104.0/denonext/resources/evals/runs/output-items.mjs": "1f9e33822bb0962d2478206e1642068d90d3b2bf830fb29ea610a49aafcc8ce1",
    "https://esm.sh/openai@4.104.0/denonext/resources/evals/runs/runs.mjs": "28f86f4c93e11d70182e88b2f185ef9e21f2f9b2c1408134cd7e97b8953caed9",
    "https://esm.sh/openai@4.104.0/denonext/resources/files.mjs": "2e6baa764f1197bfb74072043fa06d63a3bd32ab5b986c1ebddfabcab690acf8",
    "https://esm.sh/openai@4.104.0/denonext/resources/fine-tuning/alpha/alpha.mjs": "b7681fc51f18405eb6c1538cc5eb529b2dda3c0041d27b46b0050222b718560b",
    "https://esm.sh/openai@4.104.0/denonext/resources/fine-tuning/alpha/graders.mjs": "978af084824bcb2a4143eea7c4ddb27303d297af084f65b215ae447d034da110",
    "https://esm.sh/openai@4.104.0/denonext/resources/fine-tuning/checkpoints/checkpoints.mjs": "e693c83065d70edce496d11c797cefd2ec2967e6977afa0d7f9d445acaa3508e",
    "https://esm.sh/openai@4.104.0/denonext/resources/fine-tuning/checkpoints/permissions.mjs": "da8a3e1bf74435cfad54ac3b8576f078c2835aa35886681157205b453bccf3fe",
    "https://esm.sh/openai@4.104.0/denonext/resources/fine-tuning/fine-tuning.mjs": "21e16b6c4a92c34e220f6b91c50f6c139e64706ded7bfdfec8584cfa324580a3",
    "https://esm.sh/openai@4.104.0/denonext/resources/fine-tuning/jobs/checkpoints.mjs": "4064d052bb2de692c89c06131523b6c31f1d77658fe5912aa8731f30befbde52",
    "https://esm.sh/openai@4.104.0/denonext/resources/fine-tuning/jobs/jobs.mjs": "fce5f78df3e2dbc7f269cc4df7a78cfe69a49bd5d77c074e560893900c92e65c",
    "https://esm.sh/openai@4.104.0/denonext/resources/fine-tuning/methods.mjs": "6fdbb18b1c39d28abd31b491a6de21a9ca9fedc7a5299173e015c8396f1735ce",
    "https://esm.sh/openai@4.104.0/denonext/resources/graders/grader-models.mjs": "dd1c3aa701db6de2b82059342cd80838997de5d950f159e4495a1e87a1e23a2f",
    "https://esm.sh/openai@4.104.0/denonext/resources/graders/graders.mjs": "552743e81579c4f326ee0007d6b87cc3a187e7b24a1a54dbdc447401b9740b7b",
    "https://esm.sh/openai@4.104.0/denonext/resources/images.mjs": "a5fd1bf45caae94c45a10cef678ab0823d6b74842ff53be36c18d64f55dc6e3a",
    "https://esm.sh/openai@4.104.0/denonext/resources/index.mjs": "fa114c3f9c23311e57fa471d27e8c8037488a11437c6be686391a1aaa46d1101",
    "https://esm.sh/openai@4.104.0/denonext/resources/models.mjs": "f2b2eda7cc0f8ed5fe2d076efdf6d49b4e089dee3e3a6f31589d10bce8e5008e",
    "https://esm.sh/openai@4.104.0/denonext/resources/moderations.mjs": "86e3d3bbf5a7626b4f9f35dc03cee1a79a5ff4b911ce27d6367177df6e35cee5",
    "https://esm.sh/openai@4.104.0/denonext/resources/responses/input-items.mjs": "69788fd2f5cd549fd8afc79f05fa317e87711cd3c43dd6be26b0f08e1f89e00f",
    "https://esm.sh/openai@4.104.0/denonext/resources/responses/responses.mjs": "0b923e8bb622e8574dc6e87171a5f56586d2b260f62b6fa2ed2d8f68a2b94640",
    "https://esm.sh/openai@4.104.0/denonext/resources/shared.mjs": "386ec6f8c1fcd8e34f879cd0b56751bda1a596ee4da3b0301e72adeb66bee84f",
    "https://esm.sh/openai@4.104.0/denonext/resources/uploads/parts.mjs": "e2cf292763464af13427ee3cf9c1b21a22e8c04a7540c86e373b1cf2a67d4720",
    "https://esm.sh/openai@4.104.0/denonext/resources/uploads/uploads.mjs": "de20b0fab5c837e10d4e1ec2b8c3c51928d8ccd34ee5c53c04832141eddcdf13",
    "https://esm.sh/openai@4.104.0/denonext/resources/vector-stores/file-batches.mjs": "5c3b8e13e2a6ee38e88f78d1b80ebfe4034c13d734242cd7e2472326ac60c03e",
    "https://esm.sh/openai@4.104.0/denonext/resources/vector-stores/files.mjs": "010a2a2edf99d64fe71a4e4fd364e698c8ababa18edb151c6636b64ecf729493",
    "https://esm.sh/openai@4.104.0/denonext/resources/vector-stores/vector-stores.mjs": "7ac12ce5378b7f3786e00a62147b0aea0d21670aeaa1686a02e1ec2a97fc1b0b",
    "https://esm.sh/openai@4.104.0/denonext/streaming.mjs": "1204202398716dbd28c39ddbf4f96fb17712a251dbfebe33305bfef7a501a3af",
    "https://esm.sh/openai@4.104.0/denonext/uploads.mjs": "a6342147888188dff7b9d5f8e5044ce18739fa5ec1badd26652757f646237ec4",
    "https://esm.sh/openai@4.104.0/denonext/version.mjs": "9a3989cd11d14591e922414b9e064e5c7be07eb6c19460dcc6a5c6d2a3ff2c38",
    "https://esm.sh/openai@4.104.0/helpers/zod?target=denonext": "1abc69acb55f5103fe9cbb001b7ed5b61b3f23e50713a36e319a59bcaa430b8c",
    "https://esm.sh/openai@4.104.0?target=denonext": "7413890451831ece088376dfb1e4f3d3e2721e6e17f086b0c753f10c4e556a5a",
    "https://esm.sh/openai@4.85.1/denonext/_shims/MultipartBody.mjs": "d456b76b732e3fd8a9819d6145e5bd2ccd09f2174bce98b24f7f5e7b077de386",
    "https://esm.sh/openai@4.85.1/denonext/_shims/auto/runtime.mjs": "3928d249e743c4a64f97d68a42ed8ecfe92eeaf8344216f344b24a9302d39854",
    "https://esm.sh/openai@4.85.1/denonext/_shims/index.mjs": "84c2ec68c69b56e1b0bb9f8b196b79937a11de9702f437d3e1c46db114627061",
    "https://esm.sh/openai@4.85.1/denonext/_shims/registry.mjs": "e237892b9d429167715b2be09bb149adc1e9ea23d54cb55ad0af7ad1b2fe4a0f",
    "https://esm.sh/openai@4.85.1/denonext/_shims/web-runtime.mjs": "ee155043f27c12f589b67c94b70add15c9f16d32a9797e5f18fd58fc174a1c83",
    "https://esm.sh/openai@4.85.1/denonext/_vendor/partial-json-parser/parser.mjs": "affa2a743326e86976f2d3e07670800717405de18c431d0b291a742be088a1ee",
    "https://esm.sh/openai@4.85.1/denonext/core.mjs": "4834a63f2333bc8567d5ca8eeffad0344a262a4d7a62b2496b1a1dd35c49bb2e",
    "https://esm.sh/openai@4.85.1/denonext/error.mjs": "1e37755b498c77841a06b2e628b370c16a732922a6d1c3617b1658a7fe7c9b64",
    "https://esm.sh/openai@4.85.1/denonext/internal/decoders/line.mjs": "dedab3441e05ca42cd63e8a0a1ac2193933cb27e0dad48cbbe3954d0d3f3b5ce",
    "https://esm.sh/openai@4.85.1/denonext/internal/stream-utils.mjs": "0485053a0c75f32210c03c4b5b5ae024a5b855745930ae0909d093520fe3c12a",
    "https://esm.sh/openai@4.85.1/denonext/lib/AbstractChatCompletionRunner.mjs": "65295a911b912438e9c9eba499bb186f1e3b0db8117c33202ca9d48102ec767e",
    "https://esm.sh/openai@4.85.1/denonext/lib/ChatCompletionRunner.mjs": "17047ad10c862aaabd024b3f968a774abd1e5ae35fce4ff19762c1c8227b3aa7",
    "https://esm.sh/openai@4.85.1/denonext/lib/ChatCompletionStream.mjs": "4da52e8f9350ffb3ad3b8cc667c5f8719eaf8e69670a5ba065d78606fb6eefee",
    "https://esm.sh/openai@4.85.1/denonext/lib/ChatCompletionStreamingRunner.mjs": "5526d7c4c7886d656b8bb3e6b2c46609b3932a53da7fac7276d8761b3cd88a40",
    "https://esm.sh/openai@4.85.1/denonext/lib/EventStream.mjs": "02d9a92fa52ccd95d15f08b68f4a73c063217e1918c7a1d98bac723d86eae38f",
    "https://esm.sh/openai@4.85.1/denonext/lib/RunnableFunction.mjs": "3fd0ff3ffa6e945575b1621ef5630e59a330f2f7fcbe69ad87b7ab6a857cb64a",
    "https://esm.sh/openai@4.85.1/denonext/lib/chatCompletionUtils.mjs": "e002c80d7eb03501de8c68c910e4cf7af4a848a9f6721c9ae301b05b987bbe89",
    "https://esm.sh/openai@4.85.1/denonext/lib/parser.mjs": "6760327c19ea9447e06b242b5af5db6f0858673e7702276d481d8fae5319b35b",
    "https://esm.sh/openai@4.85.1/denonext/resource.mjs": "4278022a2f8609bd13992d26d50ab34860ca7e5390a68e5e3acd564909fe07c9",
    "https://esm.sh/openai@4.85.1/denonext/resources/beta/chat/completions.mjs": "8abce28d38015a9d677d19c18ebda669998f86ec8eb97d23192368b018c98175",
    "https://esm.sh/openai@4.85.1/denonext/streaming.mjs": "da0b6579eacac46f84a48309214e5915c93a36c4edcb561884c53526e67644f4",
    "https://esm.sh/openai@4.85.1/denonext/uploads.mjs": "a86c1fe27c2f9ca3853b9a29d0765b4f3e2db6683c19ecea528ad1b505e6c61e",
    "https://esm.sh/openai@4.85.1/denonext/version.mjs": "ecaf4475bbc6a4eeca86fa85156f5c7e6c88126a7f7ad9955ed9a064518f3ced",
    "https://esm.sh/openai@4.85.1/resources/beta/chat/completions.mjs": "93ddf03ce6e338b47dc7765082d607d2378fcb1d5cfc129478bbd0d7c28fe422",
    "https://esm.sh/p-finally@1.0.0/denonext/p-finally.mjs": "4ab48327cfc4a6201caf9959bba7266be5d8e244ab38629da72cd9d97047cbd3",
    "https://esm.sh/p-finally@1.0.0?target=denonext": "677491f8ccddd3558bc69e4eb7d25aaaf62b320a993720cdd07ad187626181df",
    "https://esm.sh/p-queue@6.6.2/denonext/p-queue.mjs": "c704b88188a36441c0a167a738e5c5fa84056c825ee3f5075f131b432ee1a0b7",
    "https://esm.sh/p-queue@6.6.2?target=denonext": "146f529aa59344e7144aa37ab0c42eb0a6ff803849102f3941e247665c7d97b0",
    "https://esm.sh/p-retry@4.6.2/denonext/p-retry.mjs": "201a432807b70b43475e6d40db8d51ecee8307925878b365a748587bccccd929",
    "https://esm.sh/p-retry@4.6.2?target=denonext": "ccfadc4b5fb4a29393fa61e869c925e99b1304e605ccb8d7930ffec0260e0576",
    "https://esm.sh/p-timeout@3.2.0/denonext/p-timeout.mjs": "03841210df63caa4676f5501ada713604f9822d01a84f19cf404800c3241e27d",
    "https://esm.sh/p-timeout@3.2.0?target=denonext": "ed0ab87bbb2df413120ed4592d2f30bba7cdc11cbdcba91e810bb98bdb5057ae",
    "https://esm.sh/retry@0.13.1/denonext/retry.mjs": "5c13e3bef93acedbd39ce3721c8721730dcfc03f241849463a81f00ad5e67819",
    "https://esm.sh/retry@0.13.1?target=denonext": "dacad23319e574ff0f3f99524f394c14a71edebcee0b47a8a1f6213238e76fde",
    "https://esm.sh/semver@7.7.2/denonext/semver.mjs": "5530cc8b82a83ac29ec3c19567bfdf3330dd70a8c9efdfa068772383068a47a0",
    "https://esm.sh/semver@7.7.2?target=denonext": "6c7a9e6263d52d9a4483824d59965f055092b8ebb77a09b9f02b4a05d22da17e",
    "https://esm.sh/uuid@10.0.0/denonext/uuid.mjs": "3e5f56942cdf199819954dbd0c964ce4227ddad7337aababf50df1845a1f0703",
    "https://esm.sh/uuid@10.0.0?target=denonext": "2e28e12c56eee740e3d83917d3bfab95419eafc7e93d856f8a0329ef22a4de41",
    "https://esm.sh/zod-to-json-schema@3.24.5/denonext/zod-to-json-schema.mjs": "7e268801e3d56cc04c2d1564df322a587408470ecd3c9c73815bacef46392966",
    "https://esm.sh/zod-to-json-schema@3.24.5?target=denonext": "f90b6ae04e9353b29477d688fa3472b617e189092c32cb39ecdde9305e28bdbb",
    "https://esm.sh/zod@3.25.64/denonext/zod.mjs": "c75019530b216e9306c10573a4ab16a1e530f2184dd0749676cf40dc4654edea",
    "https://esm.sh/zod@3.25.64?target=denonext": "6215b6dba7e223df06da6fa52696faf7dc83e1e26ca7d0a9280f075dec967c1e"
  }
}
